#MicroXplorer Configuration settings - do not modify
Mcu.Family=STM32G4
ProjectManager.MainLocation=Core/Src
RCC.USART1Freq_Value=100000000
RCC.SAI1Freq_Value=100000000
TIM17.Prescaler=10*1000
RCC.CortexFreq_Value=100000000
VP_TIM17_VS_ClockSourceINT.Mode=Enable_Timer
ProjectManager.KeepUserCode=true
Mcu.UserName=STM32G474RETx
PA14.GPIO_Label=T_SWCLK
PC7.Locked=true
SH.S_TIM17_CH1.ConfNb=1
ProjectManager.functionlistsort=1-MX_GPIO_Init-GPIO-false-HAL-true,2-SystemClock_Config-RCC-false-HAL-false,3-MX_LPUART1_UART_Init-LPUART1-false-HAL-true,4-MX_TIM2_Init-TIM2-false-HAL-true,5-MX_USART1_UART_Init-USART1-false-HAL-true
RCC.RTCFreq_Value=32768
LPUART1.WordLength=UART_WORDLENGTH_8B
PA3.GPIOParameters=GPIO_Label
RCC.USART2Freq_Value=100000000
PC5.Mode=Asynchronous
USART1.IPParameters=VirtualMode-Asynchronous
PC13.GPIO_Label=B1 [UserButton]
PA2.GPIOParameters=GPIO_Label
PinOutPanel.RotationAngle=0
RCC.MCO1PinFreq_Value=16000000
RCC.SYSCLKSource=RCC_SYSCLKSOURCE_PLLCLK
ProjectManager.StackSize=0x400
SH.GPXTI13.0=GPIO_EXTI13
RCC.I2C3Freq_Value=100000000
RCC.LPTIM1Freq_Value=100000000
Mcu.IP4=TIM2
RCC.FCLKCortexFreq_Value=100000000
Mcu.IP5=TIM3
NVIC.SVCall_IRQn=true\:0\:0\:false\:false\:true\:false\:false
Mcu.IP2=RCC
Mcu.IP3=SYS
Mcu.IP0=LPUART1
Mcu.IP1=NVIC
Mcu.UserConstants=
TIM17.PeriodNoDither=10*1000
SH.S_TIM3_CH2.ConfNb=1
SH.GPXTI13.ConfNb=1
Mcu.ThirdPartyNb=0
RCC.HCLKFreq_Value=100000000
RCC.I2C4Freq_Value=100000000
Mcu.IPNb=9
TIM2.IPParameters=Prescaler,PeriodNoDither
ProjectManager.PreviousToolchain=SW4STM32
RCC.APB2TimFreq_Value=100000000
PB6.Signal=S_TIM4_CH1
PC7.Signal=S_TIM3_CH2
Mcu.Pin6=PA3
Mcu.Pin7=PA5
VP_TIM2_VS_ClockSourceINT.Signal=TIM2_VS_ClockSourceINT
TIM17.IPParameters=Channel,Prescaler,PeriodNoDither
Mcu.Pin8=PA7
Mcu.Pin9=PC4
RCC.AHBFreq_Value=100000000
Mcu.Pin0=PC13
Mcu.Pin1=PC14-OSC32_IN
GPIO.groupedBy=Group By Peripherals
Mcu.Pin2=PC15-OSC32_OUT
Mcu.Pin3=PF0-OSC_IN
RCC.USART3Freq_Value=100000000
Mcu.Pin4=PF1-OSC_OUT
NVIC.EXTI15_10_IRQn=true\:0\:0\:false\:false\:true\:true\:true
Mcu.Pin5=PA2
ProjectManager.ProjectBuild=false
RCC.HSE_VALUE=24000000
NVIC.UsageFault_IRQn=true\:0\:0\:false\:false\:true\:false\:false
NVIC.DebugMonitor_IRQn=true\:0\:0\:false\:false\:true\:false\:false
TIM17.Channel=TIM_CHANNEL_1
NVIC.SysTick_IRQn=true\:0\:0\:false\:false\:true\:false\:true
RCC.ADC12Freq_Value=100000000
RCC.RTCClockSelection=RCC_RTCCLKSOURCE_LSE
ProjectManager.FirmwarePackage=STM32Cube FW_G4 V1.3.0
MxDb.Version=DB.6.0.0
TIM2.PeriodNoDither=10*1000-1
ProjectManager.BackupPrevious=false
PC14-OSC32_IN.Mode=LSE-External-Oscillator
RCC.VCOInputFreq_Value=8000000
PA14.Mode=Serial_Wire
PF0-OSC_IN.Locked=true
TIM3.Prescaler=10*1000
NVIC.TIM2_IRQn=true\:0\:0\:false\:false\:true\:true\:true
File.Version=6
VP_SYS_VS_DBSignals.Mode=DisableDeadBatterySignals
PB3.GPIOParameters=GPIO_Label
RCC.PLLRCLKFreq_Value=100000000
PB6.Locked=true
NVIC.PendSV_IRQn=true\:0\:0\:false\:false\:true\:false\:false
ProjectManager.HalAssertFull=false
RCC.CRSFreq_Value=48000000
ProjectManager.ProjectName=my_ir_example
PA13.GPIOParameters=GPIO_Label
Mcu.Package=LQFP64
TIM2.Prescaler=1*1000-1
PA5.Locked=true
PA14.Locked=true
ProjectManager.ToolChainLocation=
PA2.GPIO_Label=LPUART1_TX [STLINKV3E_VCP_RX]
RCC.LSI_VALUE=32000
VP_SYS_VS_Systick.Signal=SYS_VS_Systick
RCC.LSCOPinFreq_Value=32000
TIM3.PeriodNoDither=10*1000
RCC.PLLPoutputFreq_Value=100000000
SH.S_TIM4_CH1.0=TIM4_CH1,PWM Generation1 CH1
RCC.APB1TimFreq_Value=100000000
NVIC.BusFault_IRQn=true\:0\:0\:false\:false\:true\:false\:false
RCC.LPUART1Freq_Value=100000000
PC5.Signal=USART1_RX
PB10.GPIOParameters=GPIO_Label
PF1-OSC_OUT.Mode=HSE-External-Oscillator
ProjectManager.CustomerFirmwarePackage=
PC14-OSC32_IN.Locked=true
PF1-OSC_OUT.Signal=RCC_OSC_OUT
PC4.Mode=Asynchronous
RCC.HSI48_VALUE=48000000
PB3.Locked=true
RCC.HRTIM1Freq_Value=100000000
PA3.Signal=LPUART1_RX
PA2.Locked=true
PB3.GPIO_Label=T_SWO
RCC.PLLSourceVirtual=RCC_PLLSOURCE_HSE
TIM4.Channel-PWM\ Generation1\ CH1=TIM_CHANNEL_1
PC15-OSC32_OUT.Mode=LSE-External-Oscillator
SH.S_TIM4_CH1.ConfNb=1
RCC.I2SFreq_Value=100000000
RCC.PLLQoutputFreq_Value=100000000
ProjectManager.ProjectFileName=my_ir_example.ioc
Mcu.PinsNb=21
ProjectManager.NoMain=false
PC13.Locked=true
PC13.Signal=GPXTI13
TIM4.PeriodNoDither=10*1000
PC4.Signal=USART1_TX
RCC.EXTERNAL_CLOCK_VALUE=12288000
ProjectManager.DefaultFWLocation=true
ProjectManager.DeletePrevious=true
PF1-OSC_OUT.Locked=true
PC14-OSC32_IN.Signal=RCC_OSC32_IN
PB10.Locked=true
RCC.QSPIFreq_Value=100000000
boardIOC=true
VP_TIM17_VS_ClockSourceINT.Signal=TIM17_VS_ClockSourceINT
LPUART1.IPParameters=BaudRate,WordLength
RCC.FamilyName=M
USART1.VirtualMode-Asynchronous=VM_ASYNC
PA13.Signal=SYS_JTMS-SWDIO
PA3.Mode=Asynchronous
PC15-OSC32_OUT.Locked=true
ProjectManager.TargetToolchain=SW4STM32
TIM4.IPParameters=Channel-PWM Generation1 CH1,Prescaler,PeriodNoDither
PB10.GPIO_Label=IR_PIN
ProjectManager.RegisterCallBack=
RCC.USBFreq_Value=100000000
TIM4.Prescaler=10*1000
PC15-OSC32_OUT.Signal=RCC_OSC32_OUT
PF0-OSC_IN.Mode=HSE-External-Oscillator
PB10.Signal=GPIO_Input
PA5.Signal=GPIO_Output
SH.S_TIM3_CH2.0=TIM3_CH2,PWM Generation2 CH2
board=NUCLEO-G474RE
RCC.VCOOutputFreq_Value=200000000
ProjectManager.LastFirmware=true
RCC.ADC345Freq_Value=100000000
RCC.APB2Freq_Value=100000000
RCC.UART4Freq_Value=100000000
MxCube.Version=6.0.1
VP_TIM2_VS_ClockSourceINT.Mode=Internal
RCC.I2C1Freq_Value=100000000
PC13.GPIOParameters=GPIO_Label,GPIO_ModeDefaultEXTI
VP_SYS_VS_DBSignals.Signal=SYS_VS_DBSignals
RCC.FDCANFreq_Value=100000000
RCC.RNGFreq_Value=100000000
VP_SYS_VS_Systick.Mode=SysTick
TIM3.IPParameters=Channel-PWM Generation2 CH2,Prescaler,PeriodNoDither
NVIC.NonMaskableInt_IRQn=true\:0\:0\:false\:false\:true\:false\:false
RCC.UART5Freq_Value=100000000
PA13.Mode=Serial_Wire
ProjectManager.FreePins=false
RCC.IPParameters=ADC12Freq_Value,ADC345Freq_Value,AHBFreq_Value,APB1Freq_Value,APB1TimFreq_Value,APB2Freq_Value,APB2TimFreq_Value,CRSFreq_Value,CortexFreq_Value,EXTERNAL_CLOCK_VALUE,FCLKCortexFreq_Value,FDCANFreq_Value,FamilyName,HCLKFreq_Value,HRTIM1Freq_Value,HSE_VALUE,HSI48_VALUE,HSI_VALUE,I2C1Freq_Value,I2C2Freq_Value,I2C3Freq_Value,I2C4Freq_Value,I2SFreq_Value,LPTIM1Freq_Value,LPUART1Freq_Value,LSCOPinFreq_Value,LSI_VALUE,MCO1PinFreq_Value,PLLM,PLLN,PLLPoutputFreq_Value,PLLQoutputFreq_Value,PLLRCLKFreq_Value,PLLSourceVirtual,PWRFreq_Value,QSPIFreq_Value,RNGFreq_Value,RTCClockSelection,RTCFreq_Value,SAI1Freq_Value,SYSCLKFreq_VALUE,SYSCLKSource,UART4Freq_Value,UART5Freq_Value,USART1Freq_Value,USART2Freq_Value,USART3Freq_Value,USBFreq_Value,VCOInputFreq_Value,VCOOutputFreq_Value
ProjectManager.AskForMigrate=true
Mcu.Name=STM32G474R(B-C-E)Tx
LPUART1.BaudRate=115200
PA13.GPIO_Label=T_SWDIO
PA2.Signal=LPUART1_TX
ProjectManager.UnderRoot=true
Mcu.IP8=USART1
Mcu.IP6=TIM4
Mcu.IP7=TIM17
ProjectManager.CoupleFile=false
PB3.Signal=SYS_JTDO-SWO
RCC.SYSCLKFreq_VALUE=100000000
Mcu.Pin20=VP_TIM17_VS_ClockSourceINT
PA3.Locked=true
NVIC.ForceEnableDMAVector=true
KeepUserPlacement=false
PC13.GPIO_ModeDefaultEXTI=GPIO_MODE_IT_FALLING
PA14.GPIOParameters=GPIO_Label
NVIC.MemoryManagement_IRQn=true\:0\:0\:false\:false\:true\:false\:false
PA13.Locked=true
ProjectManager.CompilerOptimize=6
PA14.Signal=SYS_JTCK-SWCLK
ProjectManager.HeapSize=0x200
Mcu.Pin15=PB3
NVIC.HardFault_IRQn=true\:0\:0\:false\:false\:true\:false\:false
Mcu.Pin16=PB6
Mcu.Pin13=PA13
Mcu.Pin14=PA14
Mcu.Pin19=VP_TIM2_VS_ClockSourceINT
ProjectManager.ComputerToolchain=false
Mcu.Pin17=VP_SYS_VS_Systick
RCC.HSI_VALUE=16000000
Mcu.Pin18=VP_SYS_VS_DBSignals
SH.S_TIM17_CH1.0=TIM17_CH1,Output Compare1 CH1
NVIC.PriorityGroup=NVIC_PRIORITYGROUP_4
Mcu.Pin11=PB10
TIM3.Channel-PWM\ Generation2\ CH2=TIM_CHANNEL_2
Mcu.Pin12=PC7
RCC.PLLM=RCC_PLLM_DIV3
RCC.PLLN=25
Mcu.Pin10=PC5
PA2.Mode=Asynchronous
RCC.PWRFreq_Value=100000000
PF0-OSC_IN.Signal=RCC_OSC_IN
RCC.I2C2Freq_Value=100000000
RCC.APB1Freq_Value=100000000
ProjectManager.DeviceId=STM32G474RETx
ProjectManager.LibraryCopy=1
PA3.GPIO_Label=LPUART1_RX [STLINKV3E_VCP_TX]
PA7.Signal=S_TIM17_CH1
